
Microsoft Visual Studio Solution File, Format Version 12.00
# Visual Studio Version 16
VisualStudioVersion = 16.0.31613.86
MinimumVisualStudioVersion = 10.0.40219.1
Project("{FAE04EC0-301F-11D3-BF4B-00C04F79EFBC}") = "TP2_LogueoConNlog", "TP2_LogueoConNlog.csproj", "{9A11E9B9-0E70-4812-843E-C6980E954B65}"
EndProject
Global
	GlobalSection(SolutionConfigurationPlatforms) = preSolution
		Debug|Any CPU = Debug|Any CPU
		Release|Any CPU = Release|Any CPU
	EndGlobalSection
	GlobalSection(ProjectConfigurationPlatforms) = postSolution
		{9A11E9B9-0E70-4812-843E-C6980E954B65}.Debug|Any CPU.ActiveCfg = Debug|Any CPU
		{9A11E9B9-0E70-4812-843E-C6980E954B65}.Debug|Any CPU.Build.0 = Debug|Any CPU
		{9A11E9B9-0E70-4812-843E-C6980E954B65}.Release|Any CPU.ActiveCfg = Release|Any CPU
		{9A11E9B9-0E70-4812-843E-C6980E954B65}.Release|Any CPU.Build.0 = Release|Any CPU
	EndGlobalSection
	GlobalSection(SolutionProperties) = preSolution
		HideSolutionNode = FALSE
	EndGlobalSection
	GlobalSection(ExtensibilityGlobals) = postSolution
		SolutionGuid = {A823B4A7-53A2-4535-AC30-584D5B681471}
	EndGlobalSection
EndGlobal
